
Microsoft Visual Studio Solution File, Format Version 12.00
# Visual Studio Version 16
VisualStudioVersion = 16.0.31005.135
MinimumVisualStudioVersion = 10.0.40219.1
Project("{9A19103F-16F7-4668-BE54-9A1E7A4F7556}") = "AlarmClockApp", "AlarmClockApp.csproj", "{2A2B38A6-0A88-4122-AF14-6703F1C1B3C2}"
EndProject
Project("{54435603-DBB4-11D2-8724-00A0C9A8B90C}") = "AlarmClockInstaller", "AlarmClockInstaller\AlarmClockInstaller.vdproj", "{10AF515F-713A-462D-82E8-6BCF7260AA3D}"
EndProject
Global
	GlobalSection(SolutionConfigurationPlatforms) = preSolution
		Debug|Any CPU = Debug|Any CPU
		Release|Any CPU = Release|Any CPU
	EndGlobalSection
	GlobalSection(ProjectConfigurationPlatforms) = postSolution
		{2A2B38A6-0A88-4122-AF14-6703F1C1B3C2}.Debug|Any CPU.ActiveCfg = Debug|Any CPU
		{2A2B38A6-0A88-4122-AF14-6703F1C1B3C2}.Debug|Any CPU.Build.0 = Debug|Any CPU
		{2A2B38A6-0A88-4122-AF14-6703F1C1B3C2}.Release|Any CPU.ActiveCfg = Release|Any CPU
		{2A2B38A6-0A88-4122-AF14-6703F1C1B3C2}.Release|Any CPU.Build.0 = Release|Any CPU
		{10AF515F-713A-462D-82E8-6BCF7260AA3D}.Debug|Any CPU.ActiveCfg = Debug
		{10AF515F-713A-462D-82E8-6BCF7260AA3D}.Release|Any CPU.ActiveCfg = Release
	EndGlobalSection
	GlobalSection(SolutionProperties) = preSolution
		HideSolutionNode = FALSE
	EndGlobalSection
	GlobalSection(ExtensibilityGlobals) = postSolution
		SolutionGuid = {EF34D851-369E-48A0-AE29-C0B7D79F35A3}
	EndGlobalSection
EndGlobal
